
Microsoft Visual Studio Solution File, Format Version 12.00
# Visual Studio Version 17
VisualStudioVersion = 17.10.35013.160
MinimumVisualStudioVersion = 10.0.40219.1
Project("{9A19103F-16F7-4668-BE54-9A1E7A4F7556}") = "ExpRazor1", "ExpRazor1\ExpRazor1.csproj", "{FC4E1854-0128-4136-AA68-4A21AD91E73B}"
EndProject
Global
	GlobalSection(SolutionConfigurationPlatforms) = preSolution
		Debug|Any CPU = Debug|Any CPU
		Release|Any CPU = Release|Any CPU
	EndGlobalSection
	GlobalSection(ProjectConfigurationPlatforms) = postSolution
		{FC4E1854-0128-4136-AA68-4A21AD91E73B}.Debug|Any CPU.ActiveCfg = Debug|Any CPU
		{FC4E1854-0128-4136-AA68-4A21AD91E73B}.Debug|Any CPU.Build.0 = Debug|Any CPU
		{FC4E1854-0128-4136-AA68-4A21AD91E73B}.Release|Any CPU.ActiveCfg = Release|Any CPU
		{FC4E1854-0128-4136-AA68-4A21AD91E73B}.Release|Any CPU.Build.0 = Release|Any CPU
	EndGlobalSection
	GlobalSection(SolutionProperties) = preSolution
		HideSolutionNode = FALSE
	EndGlobalSection
	GlobalSection(ExtensibilityGlobals) = postSolution
		SolutionGuid = {55768FD4-9771-41A6-82DF-D2725C8A8FBC}
	EndGlobalSection
EndGlobal
